
Microsoft Visual Studio Solution File, Format Version 12.00
Project("{FAE04EC0-301F-11D3-BF4B-00C04F79EFBC}") = "lab2 TCPP", "lab2 TCPP\lab2 TCPP.csproj", "{CCA5B520-B057-48D8-8994-B30D9D6EDF2C}"
EndProject
Global
	GlobalSection(SolutionConfigurationPlatforms) = preSolution
		Debug|Any CPU = Debug|Any CPU
		Release|Any CPU = Release|Any CPU
	EndGlobalSection
	GlobalSection(ProjectConfigurationPlatforms) = postSolution
		{CCA5B520-B057-48D8-8994-B30D9D6EDF2C}.Debug|Any CPU.ActiveCfg = Debug|Any CPU
		{CCA5B520-B057-48D8-8994-B30D9D6EDF2C}.Debug|Any CPU.Build.0 = Debug|Any CPU
		{CCA5B520-B057-48D8-8994-B30D9D6EDF2C}.Release|Any CPU.ActiveCfg = Release|Any CPU
		{CCA5B520-B057-48D8-8994-B30D9D6EDF2C}.Release|Any CPU.Build.0 = Release|Any CPU
	EndGlobalSection
EndGlobal
